
Microsoft Visual Studio Solution File, Format Version 12.00
# Visual Studio Version 16
VisualStudioVersion = 16.0.31229.75
MinimumVisualStudioVersion = 10.0.40219.1
Project("{FAE04EC0-301F-11D3-BF4B-00C04F79EFBC}") = "ConsoleAppCSharpDemoDataAccess", "ConsoleAppCSharpDemoDataAccess\ConsoleAppCSharpDemoDataAccess.csproj", "{D3B57C30-E9CC-4FD1-B0A9-4824F75E8C62}"
EndProject
Project("{FAE04EC0-301F-11D3-BF4B-00C04F79EFBC}") = "DataLibrary", "DataLibrary\DataLibrary.csproj", "{114D46CE-FF7F-45E8-A703-C921F170BEE4}"
EndProject
Global
	GlobalSection(SolutionConfigurationPlatforms) = preSolution
		Debug|Any CPU = Debug|Any CPU
		Release|Any CPU = Release|Any CPU
	EndGlobalSection
	GlobalSection(ProjectConfigurationPlatforms) = postSolution
		{D3B57C30-E9CC-4FD1-B0A9-4824F75E8C62}.Debug|Any CPU.ActiveCfg = Debug|Any CPU
		{D3B57C30-E9CC-4FD1-B0A9-4824F75E8C62}.Debug|Any CPU.Build.0 = Debug|Any CPU
		{D3B57C30-E9CC-4FD1-B0A9-4824F75E8C62}.Release|Any CPU.ActiveCfg = Release|Any CPU
		{D3B57C30-E9CC-4FD1-B0A9-4824F75E8C62}.Release|Any CPU.Build.0 = Release|Any CPU
		{114D46CE-FF7F-45E8-A703-C921F170BEE4}.Debug|Any CPU.ActiveCfg = Debug|Any CPU
		{114D46CE-FF7F-45E8-A703-C921F170BEE4}.Debug|Any CPU.Build.0 = Debug|Any CPU
		{114D46CE-FF7F-45E8-A703-C921F170BEE4}.Release|Any CPU.ActiveCfg = Release|Any CPU
		{114D46CE-FF7F-45E8-A703-C921F170BEE4}.Release|Any CPU.Build.0 = Release|Any CPU
	EndGlobalSection
	GlobalSection(SolutionProperties) = preSolution
		HideSolutionNode = FALSE
	EndGlobalSection
	GlobalSection(ExtensibilityGlobals) = postSolution
		SolutionGuid = {67800497-B236-4580-A4DE-6576FD0CCDC0}
	EndGlobalSection
EndGlobal
